
Microsoft Visual Studio Solution File, Format Version 12.00
Project("{FAE04EC0-301F-11D3-BF4B-00C04F79EFBC}") = "UILabs", "UILabs\UILabs.csproj", "{21CF8A60-1C60-4CE6-AED4-EFE7B68BE203}"
EndProject
Project("{FAE04EC0-301F-11D3-BF4B-00C04F79EFBC}") = "UILabsTest", "UILabsTest\UILabsTest.csproj", "{8E15625A-5B72-4DFB-904E-2D6226F24B9B}"
	ProjectSection(ProjectDependencies) = postProject
		{21CF8A60-1C60-4CE6-AED4-EFE7B68BE203} = {21CF8A60-1C60-4CE6-AED4-EFE7B68BE203}
	EndProjectSection
EndProject
Global
	GlobalSection(SolutionConfigurationPlatforms) = preSolution
		Debug|Any CPU = Debug|Any CPU
		Release|Any CPU = Release|Any CPU
	EndGlobalSection
	GlobalSection(ProjectConfigurationPlatforms) = postSolution
		{21CF8A60-1C60-4CE6-AED4-EFE7B68BE203}.Debug|Any CPU.ActiveCfg = Debug|Any CPU
		{21CF8A60-1C60-4CE6-AED4-EFE7B68BE203}.Debug|Any CPU.Build.0 = Debug|Any CPU
		{21CF8A60-1C60-4CE6-AED4-EFE7B68BE203}.Release|Any CPU.ActiveCfg = Release|Any CPU
		{21CF8A60-1C60-4CE6-AED4-EFE7B68BE203}.Release|Any CPU.Build.0 = Release|Any CPU
		{8E15625A-5B72-4DFB-904E-2D6226F24B9B}.Debug|Any CPU.ActiveCfg = Debug|Any CPU
		{8E15625A-5B72-4DFB-904E-2D6226F24B9B}.Debug|Any CPU.Build.0 = Debug|Any CPU
		{8E15625A-5B72-4DFB-904E-2D6226F24B9B}.Release|Any CPU.ActiveCfg = Release|Any CPU
		{8E15625A-5B72-4DFB-904E-2D6226F24B9B}.Release|Any CPU.Build.0 = Release|Any CPU
	EndGlobalSection
EndGlobal
